
Microsoft Visual Studio Solution File, Format Version 12.00
# Visual Studio Version 17
VisualStudioVersion = 17.5.33627.172
MinimumVisualStudioVersion = 10.0.40219.1
Project("{54A90642-561A-4BB1-A94E-469ADEE60C69}") = "angularapp", "angularapp\angularapp.esproj", "{857A3E05-EC6E-478E-A35F-3827AF1876FB}"
EndProject
Project("{9A19103F-16F7-4668-BE54-9A1E7A4F7556}") = "webapi", "webapi\webapi.csproj", "{001AD84C-C5FB-4E02-AD73-9B18C2669F15}"
EndProject
Global
	GlobalSection(SolutionConfigurationPlatforms) = preSolution
		Debug|Any CPU = Debug|Any CPU
		Release|Any CPU = Release|Any CPU
	EndGlobalSection
	GlobalSection(ProjectConfigurationPlatforms) = postSolution
		{857A3E05-EC6E-478E-A35F-3827AF1876FB}.Debug|Any CPU.ActiveCfg = Debug|Any CPU
		{857A3E05-EC6E-478E-A35F-3827AF1876FB}.Debug|Any CPU.Build.0 = Debug|Any CPU
		{857A3E05-EC6E-478E-A35F-3827AF1876FB}.Debug|Any CPU.Deploy.0 = Debug|Any CPU
		{857A3E05-EC6E-478E-A35F-3827AF1876FB}.Release|Any CPU.ActiveCfg = Release|Any CPU
		{857A3E05-EC6E-478E-A35F-3827AF1876FB}.Release|Any CPU.Build.0 = Release|Any CPU
		{857A3E05-EC6E-478E-A35F-3827AF1876FB}.Release|Any CPU.Deploy.0 = Release|Any CPU
		{001AD84C-C5FB-4E02-AD73-9B18C2669F15}.Debug|Any CPU.ActiveCfg = Debug|Any CPU
		{001AD84C-C5FB-4E02-AD73-9B18C2669F15}.Debug|Any CPU.Build.0 = Debug|Any CPU
		{001AD84C-C5FB-4E02-AD73-9B18C2669F15}.Release|Any CPU.ActiveCfg = Release|Any CPU
		{001AD84C-C5FB-4E02-AD73-9B18C2669F15}.Release|Any CPU.Build.0 = Release|Any CPU
	EndGlobalSection
	GlobalSection(SolutionProperties) = preSolution
		HideSolutionNode = FALSE
	EndGlobalSection
	GlobalSection(ExtensibilityGlobals) = postSolution
		SolutionGuid = {2471DD72-0B56-459A-AF2F-170F30CE4484}
	EndGlobalSection
EndGlobal
